// !$*UTF8*$!
{
	archiveVersion = 1;
	classes = {
	};
	objectVersion = 50;
	objects = {

/* Begin PBXBuildFile section */
		EC58183A27ED6CBB00371F94 /* AppDelegate.swift in Sources */ = {isa = PBXBuildFile; fileRef = EC58183927ED6CBB00371F94 /* AppDelegate.swift */; };
		EC58183C27ED6CBB00371F94 /* GameScene.sks in Resources */ = {isa = PBXBuildFile; fileRef = EC58183B27ED6CBB00371F94 /* GameScene.sks */; };
		EC58183E27ED6CBB00371F94 /* Actions.sks in Resources */ = {isa = PBXBuildFile; fileRef = EC58183D27ED6CBB00371F94 /* Actions.sks */; };
		EC58184027ED6CBB00371F94 /* GameScene.swift in Sources */ = {isa = PBXBuildFile; fileRef = EC58183F27ED6CBB00371F94 /* GameScene.swift */; };
		EC58184227ED6CBB00371F94 /* GameViewController.swift in Sources */ = {isa = PBXBuildFile; fileRef = EC58184127ED6CBB00371F94 /* GameViewController.swift */; };
		EC58184527ED6CBB00371F94 /* Main.storyboard in Resources */ = {isa = PBXBuildFile; fileRef = EC58184327ED6CBB00371F94 /* Main.storyboard */; };
		EC58184727ED6CBC00371F94 /* Assets.xcassets in Resources */ = {isa = PBXBuildFile; fileRef = EC58184627ED6CBC00371F94 /* Assets.xcassets */; };
		EC58185227ED6CBC00371F94 /* The_Dating_GameTests.swift in Sources */ = {isa = PBXBuildFile; fileRef = EC58185127ED6CBC00371F94 /* The_Dating_GameTests.swift */; };
		EC58185D27ED6CBD00371F94 /* The_Dating_GameUITests.swift in Sources */ = {isa = PBXBuildFile; fileRef = EC58185C27ED6CBD00371F94 /* The_Dating_GameUITests.swift */; };
/* End PBXBuildFile section */

/* Begin PBXContainerItemProxy section */
		EC58184E27ED6CBC00371F94 /* PBXContainerItemProxy */ = {
			isa = PBXContainerItemProxy;
			containerPortal = EC58182E27ED6CBB00371F94 /* Project object */;
			proxyType = 1;
			remoteGlobalIDString = EC58183527ED6CBB00371F94;
			remoteInfo = "The Dating Game";
		};
		EC58185927ED6CBD00371F94 /* PBXContainerItemProxy */ = {
			isa = PBXContainerItemProxy;
			containerPortal = EC58182E27ED6CBB00371F94 /* Project object */;
			proxyType = 1;
			remoteGlobalIDString = EC58183527ED6CBB00371F94;
			remoteInfo = "The Dating Game";
		};
/* End PBXContainerItemProxy section */

/* Begin PBXFileReference section */
		EC58183627ED6CBB00371F94 /* The Dating Game.app */ = {isa = PBXFileReference; explicitFileType = wrapper.application; includeInIndex = 0; path = "The Dating Game.app"; sourceTree = BUILT_PRODUCTS_DIR; };
		EC58183927ED6CBB00371F94 /* AppDelegate.swift */ = {isa = PBXFileReference; lastKnownFileType = sourcecode.swift; path = AppDelegate.swift; sourceTree = "<group>"; };
		EC58183B27ED6CBB00371F94 /* GameScene.sks */ = {isa = PBXFileReference; lastKnownFileType = file.sks; path = GameScene.sks; sourceTree = "<group>"; };
		EC58183D27ED6CBB00371F94 /* Actions.sks */ = {isa = PBXFileReference; lastKnownFileType = file.sks; path = Actions.sks; sourceTree = "<group>"; };
		EC58183F27ED6CBB00371F94 /* GameScene.swift */ = {isa = PBXFileReference; lastKnownFileType = sourcecode.swift; path = GameScene.swift; sourceTree = "<group>"; };
		EC58184127ED6CBB00371F94 /* GameViewController.swift */ = {isa = PBXFileReference; lastKnownFileType = sourcecode.swift; path = GameViewController.swift; sourceTree = "<group>"; };
		EC58184427ED6CBB00371F94 /* Base */ = {isa = PBXFileReference; lastKnownFileType = file.storyboard; name = Base; path = Base.lproj/Main.storyboard; sourceTree = "<group>"; };
		EC58184627ED6CBC00371F94 /* Assets.xcassets */ = {isa = PBXFileReference; lastKnownFileType = folder.assetcatalog; path = Assets.xcassets; sourceTree = "<group>"; };
		EC58184827ED6CBC00371F94 /* Info.plist */ = {isa = PBXFileReference; lastKnownFileType = text.plist.xml; path = Info.plist; sourceTree = "<group>"; };
		EC58184D27ED6CBC00371F94 /* The Dating GameTests.xctest */ = {isa = PBXFileReference; explicitFileType = wrapper.cfbundle; includeInIndex = 0; path = "The Dating GameTests.xctest"; sourceTree = BUILT_PRODUCTS_DIR; };
		EC58185127ED6CBC00371F94 /* The_Dating_GameTests.swift */ = {isa = PBXFileReference; lastKnownFileType = sourcecode.swift; path = The_Dating_GameTests.swift; sourceTree = "<group>"; };
		EC58185327ED6CBC00371F94 /* Info.plist */ = {isa = PBXFileReference; lastKnownFileType = text.plist.xml; path = Info.plist; sourceTree = "<group>"; };
		EC58185827ED6CBD00371F94 /* The Dating GameUITests.xctest */ = {isa = PBXFileReference; explicitFileType = wrapper.cfbundle; includeInIndex = 0; path = "The Dating GameUITests.xctest"; sourceTree = BUILT_PRODUCTS_DIR; };
		EC58185C27ED6CBD00371F94 /* The_Dating_GameUITests.swift */ = {isa = PBXFileReference; lastKnownFileType = sourcecode.swift; path = The_Dating_GameUITests.swift; sourceTree = "<group>"; };
		EC58185E27ED6CBD00371F94 /* Info.plist */ = {isa = PBXFileReference; lastKnownFileType = text.plist.xml; path = Info.plist; sourceTree = "<group>"; };
/* End PBXFileReference section */

/* Begin PBXFrameworksBuildPhase section */
		EC58183327ED6CBB00371F94 /* Frameworks */ = {
			isa = PBXFrameworksBuildPhase;
			buildActionMask = 2147483647;
			files = (
			);
			runOnlyForDeploymentPostprocessing = 0;
		};
		EC58184A27ED6CBC00371F94 /* Frameworks */ = {
			isa = PBXFrameworksBuildPhase;
			buildActionMask = 2147483647;
			files = (
			);
			runOnlyForDeploymentPostprocessing = 0;
		};
		EC58185527ED6CBD00371F94 /* Frameworks */ = {
			isa = PBXFrameworksBuildPhase;
			buildActionMask = 2147483647;
			files = (
			);
			runOnlyForDeploymentPostprocessing = 0;
		};
/* End PBXFrameworksBuildPhase section */

/* Begin PBXGroup section */
		EC58182D27ED6CBB00371F94 = {
			isa = PBXGroup;
			children = (
				EC58183827ED6CBB00371F94 /* The Dating Game */,
				EC58185027ED6CBC00371F94 /* The Dating GameTests */,
				EC58185B27ED6CBD00371F94 /* The Dating GameUITests */,
				EC58183727ED6CBB00371F94 /* Products */,
			);
			sourceTree = "<group>";
		};
		EC58183727ED6CBB00371F94 /* Products */ = {
			isa = PBXGroup;
			children = (
				EC58183627ED6CBB00371F94 /* The Dating Game.app */,
				EC58184D27ED6CBC00371F94 /* The Dating GameTests.xctest */,
				EC58185827ED6CBD00371F94 /* The Dating GameUITests.xctest */,
			);
			name = Products;
			sourceTree = "<group>";
		};
		EC58183827ED6CBB00371F94 /* The Dating Game */ = {
			isa = PBXGroup;
			children = (
				EC58183927ED6CBB00371F94 /* AppDelegate.swift */,
				EC58183B27ED6CBB00371F94 /* GameScene.sks */,
				EC58183D27ED6CBB00371F94 /* Actions.sks */,
				EC58183F27ED6CBB00371F94 /* GameScene.swift */,
				EC58184127ED6CBB00371F94 /* GameViewController.swift */,
				EC58184327ED6CBB00371F94 /* Main.storyboard */,
				EC58184627ED6CBC00371F94 /* Assets.xcassets */,
				EC58184827ED6CBC00371F94 /* Info.plist */,
			);
			path = "The Dating Game";
			sourceTree = "<group>";
		};
		EC58185027ED6CBC00371F94 /* The Dating GameTests */ = {
			isa = PBXGroup;
			children = (
				EC58185127ED6CBC00371F94 /* The_Dating_GameTests.swift */,
				EC58185327ED6CBC00371F94 /* Info.plist */,
			);
			path = "The Dating GameTests";
			sourceTree = "<group>";
		};
		EC58185B27ED6CBD00371F94 /* The Dating GameUITests */ = {
			isa = PBXGroup;
			children = (
				EC58185C27ED6CBD00371F94 /* The_Dating_GameUITests.swift */,
				EC58185E27ED6CBD00371F94 /* Info.plist */,
			);
			path = "The Dating GameUITests";
			sourceTree = "<group>";
		};
/* End PBXGroup section */

/* Begin PBXNativeTarget section */
		EC58183527ED6CBB00371F94 /* The Dating Game */ = {
			isa = PBXNativeTarget;
			buildConfigurationList = EC58186127ED6CBD00371F94 /* Build configuration list for PBXNativeTarget "The Dating Game" */;
			buildPhases = (
				EC58183227ED6CBB00371F94 /* Sources */,
				EC58183327ED6CBB00371F94 /* Frameworks */,
				EC58183427ED6CBB00371F94 /* Resources */,
			);
			buildRules = (
			);
			dependencies = (
			);
			name = "The Dating Game";
			productName = "The Dating Game";
			productReference = EC58183627ED6CBB00371F94 /* The Dating Game.app */;
			productType = "com.apple.product-type.application";
		};
		EC58184C27ED6CBC00371F94 /* The Dating GameTests */ = {
			isa = PBXNativeTarget;
			buildConfigurationList = EC58186427ED6CBD00371F94 /* Build configuration list for PBXNativeTarget "The Dating GameTests" */;
			buildPhases = (
				EC58184927ED6CBC00371F94 /* Sources */,
				EC58184A27ED6CBC00371F94 /* Frameworks */,
				EC58184B27ED6CBC00371F94 /* Resources */,
			);
			buildRules = (
			);
			dependencies = (
				EC58184F27ED6CBC00371F94 /* PBXTargetDependency */,
			);
			name = "The Dating GameTests";
			productName = "The Dating GameTests";
			productReference = EC58184D27ED6CBC00371F94 /* The Dating GameTests.xctest */;
			productType = "com.apple.product-type.bundle.unit-test";
		};
		EC58185727ED6CBD00371F94 /* The Dating GameUITests */ = {
			isa = PBXNativeTarget;
			buildConfigurationList = EC58186727ED6CBD00371F94 /* Build configuration list for PBXNativeTarget "The Dating GameUITests" */;
			buildPhases = (
				EC58185427ED6CBD00371F94 /* Sources */,
				EC58185527ED6CBD00371F94 /* Frameworks */,
				EC58185627ED6CBD00371F94 /* Resources */,
			);
			buildRules = (
			);
			dependencies = (
				EC58185A27ED6CBD00371F94 /* PBXTargetDependency */,
			);
			name = "The Dating GameUITests";
			productName = "The Dating GameUITests";
			productReference = EC58185827ED6CBD00371F94 /* The Dating GameUITests.xctest */;
			productType = "com.apple.product-type.bundle.ui-testing";
		};
/* End PBXNativeTarget section */

/* Begin PBXProject section */
		EC58182E27ED6CBB00371F94 /* Project object */ = {
			isa = PBXProject;
			attributes = {
				LastSwiftUpdateCheck = 1250;
				LastUpgradeCheck = 1250;
				TargetAttributes = {
					EC58183527ED6CBB00371F94 = {
						CreatedOnToolsVersion = 12.5.1;
					};
					EC58184C27ED6CBC00371F94 = {
						CreatedOnToolsVersion = 12.5.1;
						TestTargetID = EC58183527ED6CBB00371F94;
					};
					EC58185727ED6CBD00371F94 = {
						CreatedOnToolsVersion = 12.5.1;
						TestTargetID = EC58183527ED6CBB00371F94;
					};
				};
			};
			buildConfigurationList = EC58183127ED6CBB00371F94 /* Build configuration list for PBXProject "The Dating Game" */;
			compatibilityVersion = "Xcode 9.3";
			developmentRegion = en;
			hasScannedForEncodings = 0;
			knownRegions = (
				en,
				Base,
			);
			mainGroup = EC58182D27ED6CBB00371F94;
			productRefGroup = EC58183727ED6CBB00371F94 /* Products */;
			projectDirPath = "";
			projectRoot = "";
			targets = (
				EC58183527ED6CBB00371F94 /* The Dating Game */,
				EC58184C27ED6CBC00371F94 /* The Dating GameTests */,
				EC58185727ED6CBD00371F94 /* The Dating GameUITests */,
			);
		};
/* End PBXProject section */

/* Begin PBXResourcesBuildPhase section */
		EC58183427ED6CBB00371F94 /* Resources */ = {
			isa = PBXResourcesBuildPhase;
			buildActionMask = 2147483647;
			files = (
				EC58184527ED6CBB00371F94 /* Main.storyboard in Resources */,
				EC58183C27ED6CBB00371F94 /* GameScene.sks in Resources */,
				EC58184727ED6CBC00371F94 /* Assets.xcassets in Resources */,
				EC58183E27ED6CBB00371F94 /* Actions.sks in Resources */,
			);
			runOnlyForDeploymentPostprocessing = 0;
		};
		EC58184B27ED6CBC00371F94 /* Resources */ = {
			isa = PBXResourcesBuildPhase;
			buildActionMask = 2147483647;
			files = (
			);
			runOnlyForDeploymentPostprocessing = 0;
		};
		EC58185627ED6CBD00371F94 /* Resources */ = {
			isa = PBXResourcesBuildPhase;
			buildActionMask = 2147483647;
			files = (
			);
			runOnlyForDeploymentPostprocessing = 0;
		};
/* End PBXResourcesBuildPhase section */

/* Begin PBXSourcesBuildPhase section */
		EC58183227ED6CBB00371F94 /* Sources */ = {
			isa = PBXSourcesBuildPhase;
			buildActionMask = 2147483647;
			files = (
				EC58184027ED6CBB00371F94 /* GameScene.swift in Sources */,
				EC58184227ED6CBB00371F94 /* GameViewController.swift in Sources */,
				EC58183A27ED6CBB00371F94 /* AppDelegate.swift in Sources */,
			);
			runOnlyForDeploymentPostprocessing = 0;
		};
		EC58184927ED6CBC00371F94 /* Sources */ = {
			isa = PBXSourcesBuildPhase;
			buildActionMask = 2147483647;
			files = (
				EC58185227ED6CBC00371F94 /* The_Dating_GameTests.swift in Sources */,
			);
			runOnlyForDeploymentPostprocessing = 0;
		};
		EC58185427ED6CBD00371F94 /* Sources */ = {
			isa = PBXSourcesBuildPhase;
			buildActionMask = 2147483647;
			files = (
				EC58185D27ED6CBD00371F94 /* The_Dating_GameUITests.swift in Sources */,
			);
			runOnlyForDeploymentPostprocessing = 0;
		};
/* End PBXSourcesBuildPhase section */

/* Begin PBXTargetDependency section */
		EC58184F27ED6CBC00371F94 /* PBXTargetDependency */ = {
			isa = PBXTargetDependency;
			target = EC58183527ED6CBB00371F94 /* The Dating Game */;
			targetProxy = EC58184E27ED6CBC00371F94 /* PBXContainerItemProxy */;
		};
		EC58185A27ED6CBD00371F94 /* PBXTargetDependency */ = {
			isa = PBXTargetDependency;
			target = EC58183527ED6CBB00371F94 /* The Dating Game */;
			targetProxy = EC58185927ED6CBD00371F94 /* PBXContainerItemProxy */;
		};
/* End PBXTargetDependency section */

/* Begin PBXVariantGroup section */
		EC58184327ED6CBB00371F94 /* Main.storyboard */ = {
			isa = PBXVariantGroup;
			children = (
				EC58184427ED6CBB00371F94 /* Base */,
			);
			name = Main.storyboard;
			sourceTree = "<group>";
		};
/* End PBXVariantGroup section */

/* Begin XCBuildConfiguration section */
		EC58185F27ED6CBD00371F94 /* Debug */ = {
			isa = XCBuildConfiguration;
			buildSettings = {
				ALWAYS_SEARCH_USER_PATHS = NO;
				CLANG_ANALYZER_NONNULL = YES;
				CLANG_ANALYZER_NUMBER_OBJECT_CONVERSION = YES_AGGRESSIVE;
				CLANG_CXX_LANGUAGE_STANDARD = "gnu++14";
				CLANG_CXX_LIBRARY = "libc++";
				CLANG_ENABLE_MODULES = YES;
				CLANG_ENABLE_OBJC_ARC = YES;
				CLANG_ENABLE_OBJC_WEAK = YES;
				CLANG_WARN_BLOCK_CAPTURE_AUTORELEASING = YES;
				CLANG_WARN_BOOL_CONVERSION = YES;
				CLANG_WARN_COMMA = YES;
				CLANG_WARN_CONSTANT_CONVERSION = YES;
				CLANG_WARN_DEPRECATED_OBJC_IMPLEMENTATIONS = YES;
				CLANG_WARN_DIRECT_OBJC_ISA_USAGE = YES_ERROR;
				CLANG_WARN_DOCUMENTATION_COMMENTS = YES;
				CLANG_WARN_EMPTY_BODY = YES;
				CLANG_WARN_ENUM_CONVERSION = YES;
				CLANG_WARN_INFINITE_RECURSION = YES;
				CLANG_WARN_INT_CONVERSION = YES;
				CLANG_WARN_NON_LITERAL_NULL_CONVERSION = YES;
				CLANG_WARN_OBJC_IMPLICIT_RETAIN_SELF = YES;
				CLANG_WARN_OBJC_LITERAL_CONVERSION = YES;
				CLANG_WARN_OBJC_ROOT_CLASS = YES_ERROR;
				CLANG_WARN_QUOTED_INCLUDE_IN_FRAMEWORK_HEADER = YES;
				CLANG_WARN_RANGE_LOOP_ANALYSIS = YES;
				CLANG_WARN_STRICT_PROTOTYPES = YES;
				CLANG_WARN_SUSPICIOUS_MOVE = YES;
				CLANG_WARN_UNGUARDED_AVAILABILITY = YES_AGGRESSIVE;
				CLANG_WARN_UNREACHABLE_CODE = YES;
				CLANG_WARN__DUPLICATE_METHOD_MATCH = YES;
				COPY_PHASE_STRIP = NO;
				DEBUG_INFORMATION_FORMAT = dwarf;
				ENABLE_STRICT_OBJC_MSGSEND = YES;
				ENABLE_TESTABILITY = YES;
				GCC_C_LANGUAGE_STANDARD = gnu11;
				GCC_DYNAMIC_NO_PIC = NO;
				GCC_NO_COMMON_BLOCKS = YES;
				GCC_OPTIMIZATION_LEVEL = 0;
				GCC_PREPROCESSOR_DEFINITIONS = (
					"DEBUG=1",
					"$(inherited)",
				);
				GCC_WARN_64_TO_32_BIT_CONVERSION = YES;
				GCC_WARN_ABOUT_RETURN_TYPE = YES_ERROR;
				GCC_WARN_UNDECLARED_SELECTOR = YES;
				GCC_WARN_UNINITIALIZED_AUTOS = YES_AGGRESSIVE;
				GCC_WARN_UNUSED_FUNCTION = YES;
				GCC_WARN_UNUSED_VARIABLE = YES;
				IPHONEOS_DEPLOYMENT_TARGET = 14.5;
				MTL_ENABLE_DEBUG_INFO = INCLUDE_SOURCE;
				MTL_FAST_MATH = YES;
				ONLY_ACTIVE_ARCH = YES;
				SDKROOT = iphoneos;
				SWIFT_ACTIVE_COMPILATION_CONDITIONS = DEBUG;
				SWIFT_OPTIMIZATION_LEVEL = "-Onone";
			};
			name = Debug;
		};
		EC58186027ED6CBD00371F94 /* Release */ = {
			isa = XCBuildConfiguration;
			buildSettings = {
				ALWAYS_SEARCH_USER_PATHS = NO;
				CLANG_ANALYZER_NONNULL = YES;
				CLANG_ANALYZER_NUMBER_OBJECT_CONVERSION = YES_AGGRESSIVE;
				CLANG_CXX_LANGUAGE_STANDARD = "gnu++14";
				CLANG_CXX_LIBRARY = "libc++";
				CLANG_ENABLE_MODULES = YES;
				CLANG_ENABLE_OBJC_ARC = YES;
				CLANG_ENABLE_OBJC_WEAK = YES;
				CLANG_WARN_BLOCK_CAPTURE_AUTORELEASING = YES;
				CLANG_WARN_BOOL_CONVERSION = YES;
				CLANG_WARN_COMMA = YES;
				CLANG_WARN_CONSTANT_CONVERSION = YES;
				CLANG_WARN_DEPRECATED_OBJC_IMPLEMENTATIONS = YES;
				CLANG_WARN_DIRECT_OBJC_ISA_USAGE = YES_ERROR;
				CLANG_WARN_DOCUMENTATION_COMMENTS = YES;
				CLANG_WARN_EMPTY_BODY = YES;
				CLANG_WARN_ENUM_CONVERSION = YES;
				CLANG_WARN_INFINITE_RECURSION = YES;
				CLANG_WARN_INT_CONVERSION = YES;
				CLANG_WARN_NON_LITERAL_NULL_CONVERSION = YES;
				CLANG_WARN_OBJC_IMPLICIT_RETAIN_SELF = YES;
				CLANG_WARN_OBJC_LITERAL_CONVERSION = YES;
				CLANG_WARN_OBJC_ROOT_CLASS = YES_ERROR;
				CLANG_WARN_QUOTED_INCLUDE_IN_FRAMEWORK_HEADER = YES;
				CLANG_WARN_RANGE_LOOP_ANALYSIS = YES;
				CLANG_WARN_STRICT_PROTOTYPES = YES;
				CLANG_WARN_SUSPICIOUS_MOVE = YES;
				CLANG_WARN_UNGUARDED_AVAILABILITY = YES_AGGRESSIVE;
				CLANG_WARN_UNREACHABLE_CODE = YES;
				CLANG_WARN__DUPLICATE_METHOD_MATCH = YES;
				COPY_PHASE_STRIP = NO;
				DEBUG_INFORMATION_FORMAT = "dwarf-with-dsym";
				ENABLE_NS_ASSERTIONS = NO;
				ENABLE_STRICT_OBJC_MSGSEND = YES;
				GCC_C_LANGUAGE_STANDARD = gnu11;
				GCC_NO_COMMON_BLOCKS = YES;
				GCC_WARN_64_TO_32_BIT_CONVERSION = YES;
				GCC_WARN_ABOUT_RETURN_TYPE = YES_ERROR;
				GCC_WARN_UNDECLARED_SELECTOR = YES;
				GCC_WARN_UNINITIALIZED_AUTOS = YES_AGGRESSIVE;
				GCC_WARN_UNUSED_FUNCTION = YES;
				GCC_WARN_UNUSED_VARIABLE = YES;
				IPHONEOS_DEPLOYMENT_TARGET = 14.5;
				MTL_ENABLE_DEBUG_INFO = NO;
				MTL_FAST_MATH = YES;
				SDKROOT = iphoneos;
				SWIFT_COMPILATION_MODE = wholemodule;
				SWIFT_OPTIMIZATION_LEVEL = "-O";
				VALIDATE_PRODUCT = YES;
			};
			name = Release;
		};
		EC58186227ED6CBD00371F94 /* Debug */ = {
			isa = XCBuildConfiguration;
			buildSettings = {
				ASSETCATALOG_COMPILER_APPICON_NAME = AppIcon;
				ASSETCATALOG_COMPILER_GLOBAL_ACCENT_COLOR_NAME = AccentColor;
				CODE_SIGN_STYLE = Automatic;
				DEVELOPMENT_TEAM = T5K59JM3WK;
				INFOPLIST_FILE = "The Dating Game/Info.plist";
				LD_RUNPATH_SEARCH_PATHS = (
					"$(inherited)",
					"@executable_path/Frameworks",
				);
				PRODUCT_BUNDLE_IDENTIFIER = "zoe.The-Dating-Game";
				PRODUCT_NAME = "$(TARGET_NAME)";
				SWIFT_VERSION = 5.0;
				TARGETED_DEVICE_FAMILY = "1,2";
			};
			name = Debug;
		};
		EC58186327ED6CBD00371F94 /* Release */ = {
			isa = XCBuildConfiguration;
			buildSettings = {
				ASSETCATALOG_COMPILER_APPICON_NAME = AppIcon;
				ASSETCATALOG_COMPILER_GLOBAL_ACCENT_COLOR_NAME = AccentColor;
				CODE_SIGN_STYLE = Automatic;
				DEVELOPMENT_TEAM = T5K59JM3WK;
				INFOPLIST_FILE = "The Dating Game/Info.plist";
				LD_RUNPATH_SEARCH_PATHS = (
					"$(inherited)",
					"@executable_path/Frameworks",
				);
				PRODUCT_BUNDLE_IDENTIFIER = "zoe.The-Dating-Game";
				PRODUCT_NAME = "$(TARGET_NAME)";
				SWIFT_VERSION = 5.0;
				TARGETED_DEVICE_FAMILY = "1,2";
			};
			name = Release;
		};
		EC58186527ED6CBD00371F94 /* Debug */ = {
			isa = XCBuildConfiguration;
			buildSettings = {
				ALWAYS_EMBED_SWIFT_STANDARD_LIBRARIES = YES;
				BUNDLE_LOADER = "$(TEST_HOST)";
				CODE_SIGN_STYLE = Automatic;
				DEVELOPMENT_TEAM = T5K59JM3WK;
				INFOPLIST_FILE = "The Dating GameTests/Info.plist";
				IPHONEOS_DEPLOYMENT_TARGET = 14.5;
				LD_RUNPATH_SEARCH_PATHS = (
					"$(inherited)",
					"@executable_path/Frameworks",
					"@loader_path/Frameworks",
				);
				PRODUCT_BUNDLE_IDENTIFIER = "zoe.The-Dating-GameTests";
				PRODUCT_NAME = "$(TARGET_NAME)";
				SWIFT_VERSION = 5.0;
				TARGETED_DEVICE_FAMILY = "1,2";
				TEST_HOST = "$(BUILT_PRODUCTS_DIR)/The Dating Game.app/The Dating Game";
			};
			name = Debug;
		};
		EC58186627ED6CBD00371F94 /* Release */ = {
			isa = XCBuildConfiguration;
			buildSettings = {
				ALWAYS_EMBED_SWIFT_STANDARD_LIBRARIES = YES;
				BUNDLE_LOADER = "$(TEST_HOST)";
				CODE_SIGN_STYLE = Automatic;
				DEVELOPMENT_TEAM = T5K59JM3WK;
				INFOPLIST_FILE = "The Dating GameTests/Info.plist";
				IPHONEOS_DEPLOYMENT_TARGET = 14.5;
				LD_RUNPATH_SEARCH_PATHS = (
					"$(inherited)",
					"@executable_path/Frameworks",
					"@loader_path/Frameworks",
				);
				PRODUCT_BUNDLE_IDENTIFIER = "zoe.The-Dating-GameTests";
				PRODUCT_NAME = "$(TARGET_NAME)";
				SWIFT_VERSION = 5.0;
				TARGETED_DEVICE_FAMILY = "1,2";
				TEST_HOST = "$(BUILT_PRODUCTS_DIR)/The Dating Game.app/The Dating Game";
			};
			name = Release;
		};
		EC58186827ED6CBD00371F94 /* Debug */ = {
			isa = XCBuildConfiguration;
			buildSettings = {
				ALWAYS_EMBED_SWIFT_STANDARD_LIBRARIES = YES;
				CODE_SIGN_STYLE = Automatic;
				DEVELOPMENT_TEAM = T5K59JM3WK;
				INFOPLIST_FILE = "The Dating GameUITests/Info.plist";
				LD_RUNPATH_SEARCH_PATHS = (
					"$(inherited)",
					"@executable_path/Frameworks",
					"@loader_path/Frameworks",
				);
				PRODUCT_BUNDLE_IDENTIFIER = "zoe.The-Dating-GameUITests";
				PRODUCT_NAME = "$(TARGET_NAME)";
				SWIFT_VERSION = 5.0;
				TARGETED_DEVICE_FAMILY = "1,2";
				TEST_TARGET_NAME = "The Dating Game";
			};
			name = Debug;
		};
		EC58186927ED6CBD00371F94 /* Release */ = {
			isa = XCBuildConfiguration;
			buildSettings = {
				ALWAYS_EMBED_SWIFT_STANDARD_LIBRARIES = YES;
				CODE_SIGN_STYLE = Automatic;
				DEVELOPMENT_TEAM = T5K59JM3WK;
				INFOPLIST_FILE = "The Dating GameUITests/Info.plist";
				LD_RUNPATH_SEARCH_PATHS = (
					"$(inherited)",
					"@executable_path/Frameworks",
					"@loader_path/Frameworks",
				);
				PRODUCT_BUNDLE_IDENTIFIER = "zoe.The-Dating-GameUITests";
				PRODUCT_NAME = "$(TARGET_NAME)";
				SWIFT_VERSION = 5.0;
				TARGETED_DEVICE_FAMILY = "1,2";
				TEST_TARGET_NAME = "The Dating Game";
			};
			name = Release;
		};
/* End XCBuildConfiguration section */

/* Begin XCConfigurationList section */
		EC58183127ED6CBB00371F94 /* Build configuration list for PBXProject "The Dating Game" */ = {
			isa = XCConfigurationList;
			buildConfigurations = (
				EC58185F27ED6CBD00371F94 /* Debug */,
				EC58186027ED6CBD00371F94 /* Release */,
			);
			defaultConfigurationIsVisible = 0;
			defaultConfigurationName = Release;
		};
		EC58186127ED6CBD00371F94 /* Build configuration list for PBXNativeTarget "The Dating Game" */ = {
			isa = XCConfigurationList;
			buildConfigurations = (
				EC58186227ED6CBD00371F94 /* Debug */,
				EC58186327ED6CBD00371F94 /* Release */,
			);
			defaultConfigurationIsVisible = 0;
			defaultConfigurationName = Release;
		};
		EC58186427ED6CBD00371F94 /* Build configuration list for PBXNativeTarget "The Dating GameTests" */ = {
			isa = XCConfigurationList;
			buildConfigurations = (
				EC58186527ED6CBD00371F94 /* Debug */,
				EC58186627ED6CBD00371F94 /* Release */,
			);
			defaultConfigurationIsVisible = 0;
			defaultConfigurationName = Release;
		};
		EC58186727ED6CBD00371F94 /* Build configuration list for PBXNativeTarget "The Dating GameUITests" */ = {
			isa = XCConfigurationList;
			buildConfigurations = (
				EC58186827ED6CBD00371F94 /* Debug */,
				EC58186927ED6CBD00371F94 /* Release */,
			);
			defaultConfigurationIsVisible = 0;
			defaultConfigurationName = Release;
		};
/* End XCConfigurationList section */
	};
	rootObject = EC58182E27ED6CBB00371F94 /* Project object */;
}
